
Microsoft Visual Studio Solution File, Format Version 12.00
# Visual Studio Version 16
VisualStudioVersion = 16.0.31019.35
MinimumVisualStudioVersion = 10.0.40219.1
Project("{9A19103F-16F7-4668-BE54-9A1E7A4F7556}") = "BachoLibrary.Tests", "BachoLibrary.Tests\BachoLibrary.Tests.csproj", "{1CD459E1-5431-419C-AA2A-99D12A76E05A}"
EndProject
Project("{9A19103F-16F7-4668-BE54-9A1E7A4F7556}") = "BachorzLibrary.DAL", "BachorzLibrary.DAL\BachorzLibrary.DAL.csproj", "{A2FE8D4B-49CE-45D8-BE41-19C6254B600A}"
EndProject
Project("{9A19103F-16F7-4668-BE54-9A1E7A4F7556}") = "BachorzLibrary.Common", "BachorzLibrary.Common\BachorzLibrary.Common.csproj", "{4F08C11E-7155-41E1-ABF5-575AF7AC2082}"
EndProject
Project("{9A19103F-16F7-4668-BE54-9A1E7A4F7556}") = "BachorzLibrary.Web", "BachorzLibrary.Web\BachorzLibrary.Web.csproj", "{30DCF020-EE21-4B82-B376-66D0E8CDE5FA}"
EndProject
Project("{FAE04EC0-301F-11D3-BF4B-00C04F79EFBC}") = "BachorzLibrary.Desktop", "BachorzLibrary.Desktop\BachorzLibrary.Desktop.csproj", "{266C961F-9AB9-45C6-93B4-625A6FF68921}"
EndProject
Global
	GlobalSection(SolutionConfigurationPlatforms) = preSolution
		Debug|Any CPU = Debug|Any CPU
		Release|Any CPU = Release|Any CPU
	EndGlobalSection
	GlobalSection(ProjectConfigurationPlatforms) = postSolution
		{1CD459E1-5431-419C-AA2A-99D12A76E05A}.Debug|Any CPU.ActiveCfg = Debug|Any CPU
		{1CD459E1-5431-419C-AA2A-99D12A76E05A}.Debug|Any CPU.Build.0 = Debug|Any CPU
		{1CD459E1-5431-419C-AA2A-99D12A76E05A}.Release|Any CPU.ActiveCfg = Release|Any CPU
		{1CD459E1-5431-419C-AA2A-99D12A76E05A}.Release|Any CPU.Build.0 = Release|Any CPU
		{A2FE8D4B-49CE-45D8-BE41-19C6254B600A}.Debug|Any CPU.ActiveCfg = Debug|Any CPU
		{A2FE8D4B-49CE-45D8-BE41-19C6254B600A}.Debug|Any CPU.Build.0 = Debug|Any CPU
		{A2FE8D4B-49CE-45D8-BE41-19C6254B600A}.Release|Any CPU.ActiveCfg = Release|Any CPU
		{A2FE8D4B-49CE-45D8-BE41-19C6254B600A}.Release|Any CPU.Build.0 = Release|Any CPU
		{4F08C11E-7155-41E1-ABF5-575AF7AC2082}.Debug|Any CPU.ActiveCfg = Debug|Any CPU
		{4F08C11E-7155-41E1-ABF5-575AF7AC2082}.Debug|Any CPU.Build.0 = Debug|Any CPU
		{4F08C11E-7155-41E1-ABF5-575AF7AC2082}.Release|Any CPU.ActiveCfg = Release|Any CPU
		{4F08C11E-7155-41E1-ABF5-575AF7AC2082}.Release|Any CPU.Build.0 = Release|Any CPU
		{30DCF020-EE21-4B82-B376-66D0E8CDE5FA}.Debug|Any CPU.ActiveCfg = Debug|Any CPU
		{30DCF020-EE21-4B82-B376-66D0E8CDE5FA}.Debug|Any CPU.Build.0 = Debug|Any CPU
		{30DCF020-EE21-4B82-B376-66D0E8CDE5FA}.Release|Any CPU.ActiveCfg = Release|Any CPU
		{30DCF020-EE21-4B82-B376-66D0E8CDE5FA}.Release|Any CPU.Build.0 = Release|Any CPU
		{266C961F-9AB9-45C6-93B4-625A6FF68921}.Debug|Any CPU.ActiveCfg = Debug|Any CPU
		{266C961F-9AB9-45C6-93B4-625A6FF68921}.Debug|Any CPU.Build.0 = Debug|Any CPU
		{266C961F-9AB9-45C6-93B4-625A6FF68921}.Release|Any CPU.ActiveCfg = Release|Any CPU
		{266C961F-9AB9-45C6-93B4-625A6FF68921}.Release|Any CPU.Build.0 = Release|Any CPU
	EndGlobalSection
	GlobalSection(SolutionProperties) = preSolution
		HideSolutionNode = FALSE
	EndGlobalSection
	GlobalSection(ExtensibilityGlobals) = postSolution
		SolutionGuid = {1753E74E-939C-4A5F-BE7E-FC2A9372F1A1}
	EndGlobalSection
EndGlobal
